
Microsoft Visual Studio Solution File, Format Version 12.00
# Visual Studio Version 17
VisualStudioVersion = 17.9.34622.214
MinimumVisualStudioVersion = 10.0.40219.1
Project("{FAE04EC0-301F-11D3-BF4B-00C04F79EFBC}") = "LocalizationApp", "LocalizationApp.csproj", "{5CC60B3A-0728-4A09-AE16-CA90A0FA5015}"
EndProject
Global
	GlobalSection(SolutionConfigurationPlatforms) = preSolution
		Debug|Any CPU = Debug|Any CPU
		Release|Any CPU = Release|Any CPU
	EndGlobalSection
	GlobalSection(ProjectConfigurationPlatforms) = postSolution
		{5CC60B3A-0728-4A09-AE16-CA90A0FA5015}.Debug|Any CPU.ActiveCfg = Debug|Any CPU
		{5CC60B3A-0728-4A09-AE16-CA90A0FA5015}.Debug|Any CPU.Build.0 = Debug|Any CPU
		{5CC60B3A-0728-4A09-AE16-CA90A0FA5015}.Release|Any CPU.ActiveCfg = Release|Any CPU
		{5CC60B3A-0728-4A09-AE16-CA90A0FA5015}.Release|Any CPU.Build.0 = Release|Any CPU
	EndGlobalSection
	GlobalSection(SolutionProperties) = preSolution
		HideSolutionNode = FALSE
	EndGlobalSection
	GlobalSection(ExtensibilityGlobals) = postSolution
		SolutionGuid = {C518B7EB-91B7-48CC-897A-76F542AE0D1C}
	EndGlobalSection
EndGlobal
